{
  "name": "simplengrams",
  "version": "1.0.0",
  "lockfileVersion": 1,
  "requires": true,
  "dependencies": {
    "happynodetokenizer": {
      "version": "1.0.0",
      "resolved": "https://registry.npmjs.org/happynodetokenizer/-/happynodetokenizer-1.0.0.tgz",
      "integrity": "sha512-5uoD8EtXi2Ki/i9wO5+VayFnI1g0onRHyV09DOmiFJ/TmJPFkqK8vf7zE1e4pYjh8KZWUQelWSdMVAYlIOodCA==",
      "requires": {
        "he": "^1.2.0"
      }
    },
    "he": {
      "version": "1.2.0",
      "resolved": "https://registry.npmjs.org/he/-/he-1.2.0.tgz",
      "integrity": "sha512-F/1DnUGPopORZi0ni+CvrCgHQ5FyEAHRLSApuYWMmrbSwoN2Mn/7k+Gl38gJnR7yyDZk6WLXwiGod1JOWNDKGw=="
    }
  }
}
